
Microsoft Visual Studio Solution File, Format Version 12.00
# Visual Studio Version 17
VisualStudioVersion = 17.14.36121.58 d17.14
MinimumVisualStudioVersion = 10.0.40219.1
Project("{FAE04EC0-301F-11D3-BF4B-00C04F79EFBC}") = "NBJAcademy.API", "NBJAcademy.API\NBJAcademy.API.csproj", "{7F894434-A0BD-400B-B409-7BA97FC07155}"
EndProject
Global
	GlobalSection(SolutionConfigurationPlatforms) = preSolution
		Debug|Any CPU = Debug|Any CPU
		Release|Any CPU = Release|Any CPU
	EndGlobalSection
	GlobalSection(ProjectConfigurationPlatforms) = postSolution
		{7F894434-A0BD-400B-B409-7BA97FC07155}.Debug|Any CPU.ActiveCfg = Debug|Any CPU
		{7F894434-A0BD-400B-B409-7BA97FC07155}.Debug|Any CPU.Build.0 = Debug|Any CPU
		{7F894434-A0BD-400B-B409-7BA97FC07155}.Release|Any CPU.ActiveCfg = Release|Any CPU
		{7F894434-A0BD-400B-B409-7BA97FC07155}.Release|Any CPU.Build.0 = Release|Any CPU
	EndGlobalSection
	GlobalSection(SolutionProperties) = preSolution
		HideSolutionNode = FALSE
	EndGlobalSection
	GlobalSection(ExtensibilityGlobals) = postSolution
		SolutionGuid = {94355DCF-0A0E-4D80-8BB6-2F0B6B560B07}
	EndGlobalSection
EndGlobal
